
Microsoft Visual Studio Solution File, Format Version 12.00
# Visual Studio Version 16
VisualStudioVersion = 16.0.29418.71
MinimumVisualStudioVersion = 10.0.40219.1
Project("{9A19103F-16F7-4668-BE54-9A1E7A4F7556}") = "EventBus", "EventBus\EventBus.csproj", "{EA7595F9-9A27-4FD4-9026-7AA5143C007F}"
EndProject
Project("{2150E333-8FDC-42A3-9474-1A3956D46DE8}") = "Solution Items", "Solution Items", "{E5EE3F41-604F-441E-A8CA-8865B328CE06}"
	ProjectSection(SolutionItems) = preProject
		README.md = README.md
	EndProjectSection
EndProject
Project("{9A19103F-16F7-4668-BE54-9A1E7A4F7556}") = "EventBus.Infra.EventBus", "EventBus.Infra.Queue\EventBus.Infra.EventBus.csproj", "{34B93961-6FC8-4310-B83B-C3F2FA75469D}"
EndProject
Project("{9A19103F-16F7-4668-BE54-9A1E7A4F7556}") = "EventBus.Application", "EventBus.Application\EventBus.Application.csproj", "{D0230C3F-624A-4FB2-8668-E3A4F3EFA263}"
EndProject
Project("{9A19103F-16F7-4668-BE54-9A1E7A4F7556}") = "EventBus.CrossCutting", "EventBus.CrossCutting\EventBus.CrossCutting.csproj", "{A87CBC1D-A6A1-4F4C-88DF-E80F3C3D42C6}"
EndProject
Project("{9A19103F-16F7-4668-BE54-9A1E7A4F7556}") = "EventBus.Product", "EventBus.Product\EventBus.Product.csproj", "{75D8ED87-368F-4DDF-B43C-446D7C605D96}"
EndProject
Project("{2150E333-8FDC-42A3-9474-1A3956D46DE8}") = "UI", "UI", "{F1614C54-CE67-4099-AD89-E406501D0B7C}"
EndProject
Project("{9A19103F-16F7-4668-BE54-9A1E7A4F7556}") = "EventBus.Domain", "EventBus.Domain\EventBus.Domain.csproj", "{EE772A83-3A92-40AC-857D-E56C1BFECF51}"
EndProject
Project("{FAE04EC0-301F-11D3-BF4B-00C04F79EFBC}") = "EventBus.Domain.Common", "EventBus.Domain.Common\EventBus.Domain.Common.csproj", "{28A458ED-7DC7-4583-9A9E-99C3458DEA7A}"
EndProject
Global
	GlobalSection(SolutionConfigurationPlatforms) = preSolution
		Debug|Any CPU = Debug|Any CPU
		Release|Any CPU = Release|Any CPU
	EndGlobalSection
	GlobalSection(ProjectConfigurationPlatforms) = postSolution
		{EA7595F9-9A27-4FD4-9026-7AA5143C007F}.Debug|Any CPU.ActiveCfg = Debug|Any CPU
		{EA7595F9-9A27-4FD4-9026-7AA5143C007F}.Debug|Any CPU.Build.0 = Debug|Any CPU
		{EA7595F9-9A27-4FD4-9026-7AA5143C007F}.Release|Any CPU.ActiveCfg = Release|Any CPU
		{EA7595F9-9A27-4FD4-9026-7AA5143C007F}.Release|Any CPU.Build.0 = Release|Any CPU
		{34B93961-6FC8-4310-B83B-C3F2FA75469D}.Debug|Any CPU.ActiveCfg = Debug|Any CPU
		{34B93961-6FC8-4310-B83B-C3F2FA75469D}.Debug|Any CPU.Build.0 = Debug|Any CPU
		{34B93961-6FC8-4310-B83B-C3F2FA75469D}.Release|Any CPU.ActiveCfg = Release|Any CPU
		{34B93961-6FC8-4310-B83B-C3F2FA75469D}.Release|Any CPU.Build.0 = Release|Any CPU
		{D0230C3F-624A-4FB2-8668-E3A4F3EFA263}.Debug|Any CPU.ActiveCfg = Debug|Any CPU
		{D0230C3F-624A-4FB2-8668-E3A4F3EFA263}.Debug|Any CPU.Build.0 = Debug|Any CPU
		{D0230C3F-624A-4FB2-8668-E3A4F3EFA263}.Release|Any CPU.ActiveCfg = Release|Any CPU
		{D0230C3F-624A-4FB2-8668-E3A4F3EFA263}.Release|Any CPU.Build.0 = Release|Any CPU
		{A87CBC1D-A6A1-4F4C-88DF-E80F3C3D42C6}.Debug|Any CPU.ActiveCfg = Debug|Any CPU
		{A87CBC1D-A6A1-4F4C-88DF-E80F3C3D42C6}.Debug|Any CPU.Build.0 = Debug|Any CPU
		{A87CBC1D-A6A1-4F4C-88DF-E80F3C3D42C6}.Release|Any CPU.ActiveCfg = Release|Any CPU
		{A87CBC1D-A6A1-4F4C-88DF-E80F3C3D42C6}.Release|Any CPU.Build.0 = Release|Any CPU
		{75D8ED87-368F-4DDF-B43C-446D7C605D96}.Debug|Any CPU.ActiveCfg = Debug|Any CPU
		{75D8ED87-368F-4DDF-B43C-446D7C605D96}.Debug|Any CPU.Build.0 = Debug|Any CPU
		{75D8ED87-368F-4DDF-B43C-446D7C605D96}.Release|Any CPU.ActiveCfg = Release|Any CPU
		{75D8ED87-368F-4DDF-B43C-446D7C605D96}.Release|Any CPU.Build.0 = Release|Any CPU
		{EE772A83-3A92-40AC-857D-E56C1BFECF51}.Debug|Any CPU.ActiveCfg = Debug|Any CPU
		{EE772A83-3A92-40AC-857D-E56C1BFECF51}.Debug|Any CPU.Build.0 = Debug|Any CPU
		{EE772A83-3A92-40AC-857D-E56C1BFECF51}.Release|Any CPU.ActiveCfg = Release|Any CPU
		{EE772A83-3A92-40AC-857D-E56C1BFECF51}.Release|Any CPU.Build.0 = Release|Any CPU
		{28A458ED-7DC7-4583-9A9E-99C3458DEA7A}.Debug|Any CPU.ActiveCfg = Debug|Any CPU
		{28A458ED-7DC7-4583-9A9E-99C3458DEA7A}.Debug|Any CPU.Build.0 = Debug|Any CPU
		{28A458ED-7DC7-4583-9A9E-99C3458DEA7A}.Release|Any CPU.ActiveCfg = Release|Any CPU
		{28A458ED-7DC7-4583-9A9E-99C3458DEA7A}.Release|Any CPU.Build.0 = Release|Any CPU
	EndGlobalSection
	GlobalSection(SolutionProperties) = preSolution
		HideSolutionNode = FALSE
	EndGlobalSection
	GlobalSection(NestedProjects) = preSolution
		{EA7595F9-9A27-4FD4-9026-7AA5143C007F} = {F1614C54-CE67-4099-AD89-E406501D0B7C}
		{75D8ED87-368F-4DDF-B43C-446D7C605D96} = {F1614C54-CE67-4099-AD89-E406501D0B7C}
	EndGlobalSection
	GlobalSection(ExtensibilityGlobals) = postSolution
		SolutionGuid = {B28CC157-AB19-409E-9CCF-D98836B5236E}
	EndGlobalSection
EndGlobal
